# This file is automatically @generated by Cargo.
# It is not intended for manual editing.
[[package]]
name = "collections"
version = "0.1.0"

[[package]]
name = "control-flow"
version = "0.1.0"

[[package]]
name = "datatypes"
version = "0.1.0"

[[package]]
name = "errors"
version = "0.1.0"

[[package]]
name = "generics"
version = "0.1.0"

[[package]]
name = "hello-rust"
version = "0.1.0"

[[package]]
name = "myfirstmodule"
version = "0.1.0"

[[package]]
name = "ownership"
version = "0.1.0"

[[package]]
name = "structs"
version = "0.1.0"

[[package]]
name = "tests"
version = "0.1.0"

